
Microsoft Visual Studio Solution File, Format Version 12.00
# Visual Studio Version 17
VisualStudioVersion = 17.1.32210.238
MinimumVisualStudioVersion = 10.0.40219.1
Project("{9A19103F-16F7-4668-BE54-9A1E7A4F7556}") = "ESourcing.Products", "ESourcing.Products\ESourcing.Products.csproj", "{570B2FD8-1D8C-46D2-BFFC-04FB930E20EA}"
EndProject
Project("{2150E333-8FDC-42A3-9474-1A3956D46DE8}") = "Products", "Products", "{5AEA4EC7-EC1A-4A4D-8EDB-18F46DE7AC23}"
EndProject
Project("{2150E333-8FDC-42A3-9474-1A3956D46DE8}") = "src", "src", "{34AC343B-381C-401E-9728-9FA6986C0AE2}"
EndProject
Project("{2150E333-8FDC-42A3-9474-1A3956D46DE8}") = "ApiGateway", "ApiGateway", "{D2EFEEDA-AB1A-4A4E-B886-E070B1886460}"
EndProject
Project("{2150E333-8FDC-42A3-9474-1A3956D46DE8}") = "services", "services", "{F0DF6A84-9F53-4653-8BD9-3568E4023222}"
EndProject
Project("{2150E333-8FDC-42A3-9474-1A3956D46DE8}") = "WebApp", "WebApp", "{280BF9FF-97F6-4B53-BE2E-DE52FA5C9ED3}"
EndProject
Project("{2150E333-8FDC-42A3-9474-1A3956D46DE8}") = "Common", "Common", "{5951C4E3-6965-4BF3-AE22-79E824326B6A}"
EndProject
Project("{2150E333-8FDC-42A3-9474-1A3956D46DE8}") = "Order", "Order", "{51351D61-1269-403F-89DD-17A45D3FD019}"
EndProject
Project("{2150E333-8FDC-42A3-9474-1A3956D46DE8}") = "Sourcing", "Sourcing", "{1451047B-A111-401A-B6E5-EE7BA2293F72}"
EndProject
Project("{E53339B2-1760-4266-BCC7-CA923CBCF16C}") = "docker-compose", "docker-compose.dcproj", "{3C710AE7-04D2-48F5-8134-95867437ACC5}"
EndProject
Project("{9A19103F-16F7-4668-BE54-9A1E7A4F7556}") = "Esourcing.Sourcing", "Esourcing.Sourcing\Esourcing.Sourcing.csproj", "{C9DDE121-B276-4E0A-9965-C52B837EDE77}"
EndProject
Project("{FAE04EC0-301F-11D3-BF4B-00C04F79EFBC}") = "EventBusRabbitMq", "EventBusRabbitMq\EventBusRabbitMq.csproj", "{AB3EAA15-3C39-459C-80CD-2EAB4E804B56}"
EndProject
Global
	GlobalSection(SolutionConfigurationPlatforms) = preSolution
		Debug|Any CPU = Debug|Any CPU
		Release|Any CPU = Release|Any CPU
	EndGlobalSection
	GlobalSection(ProjectConfigurationPlatforms) = postSolution
		{570B2FD8-1D8C-46D2-BFFC-04FB930E20EA}.Debug|Any CPU.ActiveCfg = Debug|Any CPU
		{570B2FD8-1D8C-46D2-BFFC-04FB930E20EA}.Debug|Any CPU.Build.0 = Debug|Any CPU
		{570B2FD8-1D8C-46D2-BFFC-04FB930E20EA}.Release|Any CPU.ActiveCfg = Release|Any CPU
		{570B2FD8-1D8C-46D2-BFFC-04FB930E20EA}.Release|Any CPU.Build.0 = Release|Any CPU
		{3C710AE7-04D2-48F5-8134-95867437ACC5}.Debug|Any CPU.ActiveCfg = Debug|Any CPU
		{3C710AE7-04D2-48F5-8134-95867437ACC5}.Debug|Any CPU.Build.0 = Debug|Any CPU
		{3C710AE7-04D2-48F5-8134-95867437ACC5}.Release|Any CPU.ActiveCfg = Release|Any CPU
		{3C710AE7-04D2-48F5-8134-95867437ACC5}.Release|Any CPU.Build.0 = Release|Any CPU
		{C9DDE121-B276-4E0A-9965-C52B837EDE77}.Debug|Any CPU.ActiveCfg = Debug|Any CPU
		{C9DDE121-B276-4E0A-9965-C52B837EDE77}.Debug|Any CPU.Build.0 = Debug|Any CPU
		{C9DDE121-B276-4E0A-9965-C52B837EDE77}.Release|Any CPU.ActiveCfg = Release|Any CPU
		{C9DDE121-B276-4E0A-9965-C52B837EDE77}.Release|Any CPU.Build.0 = Release|Any CPU
		{AB3EAA15-3C39-459C-80CD-2EAB4E804B56}.Debug|Any CPU.ActiveCfg = Debug|Any CPU
		{AB3EAA15-3C39-459C-80CD-2EAB4E804B56}.Debug|Any CPU.Build.0 = Debug|Any CPU
		{AB3EAA15-3C39-459C-80CD-2EAB4E804B56}.Release|Any CPU.ActiveCfg = Release|Any CPU
		{AB3EAA15-3C39-459C-80CD-2EAB4E804B56}.Release|Any CPU.Build.0 = Release|Any CPU
	EndGlobalSection
	GlobalSection(SolutionProperties) = preSolution
		HideSolutionNode = FALSE
	EndGlobalSection
	GlobalSection(NestedProjects) = preSolution
		{570B2FD8-1D8C-46D2-BFFC-04FB930E20EA} = {5AEA4EC7-EC1A-4A4D-8EDB-18F46DE7AC23}
		{5AEA4EC7-EC1A-4A4D-8EDB-18F46DE7AC23} = {F0DF6A84-9F53-4653-8BD9-3568E4023222}
		{D2EFEEDA-AB1A-4A4E-B886-E070B1886460} = {34AC343B-381C-401E-9728-9FA6986C0AE2}
		{F0DF6A84-9F53-4653-8BD9-3568E4023222} = {34AC343B-381C-401E-9728-9FA6986C0AE2}
		{280BF9FF-97F6-4B53-BE2E-DE52FA5C9ED3} = {34AC343B-381C-401E-9728-9FA6986C0AE2}
		{5951C4E3-6965-4BF3-AE22-79E824326B6A} = {F0DF6A84-9F53-4653-8BD9-3568E4023222}
		{51351D61-1269-403F-89DD-17A45D3FD019} = {F0DF6A84-9F53-4653-8BD9-3568E4023222}
		{1451047B-A111-401A-B6E5-EE7BA2293F72} = {F0DF6A84-9F53-4653-8BD9-3568E4023222}
		{C9DDE121-B276-4E0A-9965-C52B837EDE77} = {1451047B-A111-401A-B6E5-EE7BA2293F72}
		{AB3EAA15-3C39-459C-80CD-2EAB4E804B56} = {5951C4E3-6965-4BF3-AE22-79E824326B6A}
	EndGlobalSection
	GlobalSection(ExtensibilityGlobals) = postSolution
		SolutionGuid = {C58E2FBA-B577-44FF-AFE5-5C156D23FB7B}
	EndGlobalSection
EndGlobal
